PODS:
  - agora_rtc_engine (6.2.0):
    - AgoraIrisRTC_iOS (= 4.2.0-build.3)
    - AgoraRtcEngine_iOS (= 4.2.0)
    - Flutter
  - AgoraIrisRTC_iOS (4.2.0-build.3)
  - AgoraRtcEngine_iOS (4.2.0):
    - AgoraRtcEngine_iOS/AIAEC (= 4.2.0)
    - AgoraRtcEngine_iOS/AINS (= 4.2.0)
    - AgoraRtcEngine_iOS/AudioBeauty (= 4.2.0)
    - AgoraRtcEngine_iOS/ClearVision (= 4.2.0)
    - AgoraRtcEngine_iOS/ContentInspect (= 4.2.0)
    - AgoraRtcEngine_iOS/DRM (= 4.2.0)
    - AgoraRtcEngine_iOS/FaceDetection (= 4.2.0)
    - AgoraRtcEngine_iOS/ReplayKit (= 4.2.0)
    - AgoraRtcEngine_iOS/RtcBasic (= 4.2.0)
    - AgoraRtcEngine_iOS/SpatialAudio (= 4.2.0)
    - AgoraRtcEngine_iOS/VideoCodecDec (= 4.2.0)
    - AgoraRtcEngine_iOS/VideoCodecEnc (= 4.2.0)
    - AgoraRtcEngine_iOS/VirtualBackground (= 4.2.0)
    - AgoraRtcEngine_iOS/VQA (= 4.2.0)
  - AgoraRtcEngine_iOS/AIAEC (4.2.0)
  - AgoraRtcEngine_iOS/AINS (4.2.0)
  - AgoraRtcEngine_iOS/AudioBeauty (4.2.0)
  - AgoraRtcEngine_iOS/ClearVision (4.2.0)
  - AgoraRtcEngine_iOS/ContentInspect (4.2.0)
  - AgoraRtcEngine_iOS/DRM (4.2.0)
  - AgoraRtcEngine_iOS/FaceDetection (4.2.0)
  - AgoraRtcEngine_iOS/ReplayKit (4.2.0)
  - AgoraRtcEngine_iOS/RtcBasic (4.2.0)
  - AgoraRtcEngine_iOS/SpatialAudio (4.2.0)
  - AgoraRtcEngine_iOS/VideoCodecDec (4.2.0)
  - AgoraRtcEngine_iOS/VideoCodecEnc (4.2.0)
  - AgoraRtcEngine_iOS/VirtualBackground (4.2.0)
  - AgoraRtcEngine_iOS/VQA (4.2.0)
  - Flutter (1.0.0)
  - iris_method_channel (0.0.1):
    - Flutter
  - permission_handler_apple (9.1.0):
    - Flutter

DEPENDENCIES:
  - agora_rtc_engine (from `.symlinks/plugins/agora_rtc_engine/ios`)
  - Flutter (from `Flutter`)
  - iris_method_channel (from `.symlinks/plugins/iris_method_channel/ios`)
  - permission_handler_apple (from `.symlinks/plugins/permission_handler_apple/ios`)

SPEC REPOS:
  trunk:
    - AgoraIrisRTC_iOS
    - AgoraRtcEngine_iOS

EXTERNAL SOURCES:
  agora_rtc_engine:
    :path: ".symlinks/plugins/agora_rtc_engine/ios"
  Flutter:
    :path: Flutter
  iris_method_channel:
    :path: ".symlinks/plugins/iris_method_channel/ios"
  permission_handler_apple:
    :path: ".symlinks/plugins/permission_handler_apple/ios"

SPEC CHECKSUMS:
  agora_rtc_engine: 615886d3897e0f62da2b7f31e2d49a630260b376
  AgoraIrisRTC_iOS: 401703d4d44b0d0e4f060993272397d1ba4ce7ca
  AgoraRtcEngine_iOS: ab13aeb715fc00abc91c4f5c0baab9f05ad79aae
  Flutter: f04841e97a9d0b0a8025694d0796dd46242b2854
  iris_method_channel: 0617c689164d8154c020c50f63ca79f92b8a7b9d
  permission_handler_apple: 8f116445eff3c0e7c65ad60f5fef5490aa94b4e4

PODFILE CHECKSUM: 70d9d25280d0dd177a5f637cdb0f0b0b12c6a189

COCOAPODS: 1.12.1
